// !$*UTF8*$!
{
	archiveVersion = 1;
	classes = {};
	objectVersion = 56;
	objects = {

/* Begin PBXBuildFile section */
		801EC3F0FA814E719C95F87A /* AppDependencies.swift in Sources */ = {isa = PBXBuildFile; fileRef = 5706C193880A43D9B208E38C /* AppDependencies.swift */; };
		5398538A7EAB4605AA377923 /* KukirinManagerApp.swift in Sources */ = {isa = PBXBuildFile; fileRef = 1722CB18FF5647ED8A5ED772 /* KukirinManagerApp.swift */; };
		6C270B7147A847C587949571 /* BLECentralManager.swift in Sources */ = {isa = PBXBuildFile; fileRef = FD923CB129EF47569444FD17 /* BLECentralManager.swift */; };
		4C96A55A932C4DAE9181B60E /* BLEConstants.swift in Sources */ = {isa = PBXBuildFile; fileRef = 8643882A93C24002801F6811 /* BLEConstants.swift */; };
		B9979FF317D44A5CB0E36BAC /* BLEPeripheralSession.swift in Sources */ = {isa = PBXBuildFile; fileRef = 971989DCC7C74219BF501EDE /* BLEPeripheralSession.swift */; };
		88AB6A81B1B04FBCB364DFB4 /* ConnectionCoordinator.swift in Sources */ = {isa = PBXBuildFile; fileRef = 04E2D0321D5E4737AE8A547D /* ConnectionCoordinator.swift */; };
		8522CEF669FA43219D372095 /* PacketLogger.swift in Sources */ = {isa = PBXBuildFile; fileRef = 582213200CCB4CA5BA4BE3A8 /* PacketLogger.swift */; };
		D289B0D2E3C6415C8391544A /* RSSIMonitor.swift in Sources */ = {isa = PBXBuildFile; fileRef = D78FD34BF29443CA98CAA86E /* RSSIMonitor.swift */; };
		0496B021D8894331AD617C96 /* ConnectionState.swift in Sources */ = {isa = PBXBuildFile; fileRef = 5D58ECE628D641C89D63C509 /* ConnectionState.swift */; };
		61EEB34441F640F696A308F1 /* RideMode.swift in Sources */ = {isa = PBXBuildFile; fileRef = 249BD501F5A747FDA01F481B /* RideMode.swift */; };
		EBEA5929A7294F14BFD1C272 /* ScooterCapabilities.swift in Sources */ = {isa = PBXBuildFile; fileRef = BA7113F4F64444FF808DCC5A /* ScooterCapabilities.swift */; };
		67A20747E8FD475E8467E16A /* ScooterCommand.swift in Sources */ = {isa = PBXBuildFile; fileRef = AF8454B344B54F1DB495617C /* ScooterCommand.swift */; };
		204CF0EE5BDB4838811CCBE3 /* ScooterModel.swift in Sources */ = {isa = PBXBuildFile; fileRef = 8637A69847FA425D95220343 /* ScooterModel.swift */; };
		4A9914BB6B1149E6B37BA76D /* TelemetrySnapshot.swift in Sources */ = {isa = PBXBuildFile; fileRef = E51A2F4DA36C48A484D3626A /* TelemetrySnapshot.swift */; };
		2C7867420BD94C1E983ECF9E /* KeychainHelper.swift in Sources */ = {isa = PBXBuildFile; fileRef = D2D41D0DCAAE46129099364E /* KeychainHelper.swift */; };
		41777875CA4A4FA98B457FAC /* LastDeviceStore.swift in Sources */ = {isa = PBXBuildFile; fileRef = 9B6756DD06C440B0ADC6247B /* LastDeviceStore.swift */; };
		E439FF18F5DE46228AFF683B /* PreferencesStore.swift in Sources */ = {isa = PBXBuildFile; fileRef = 7717F353237546679443E745 /* PreferencesStore.swift */; };
		9AE346090D224BABB9CA09B3 /* DiscoveryProtocol.swift in Sources */ = {isa = PBXBuildFile; fileRef = A2A8EB926A3344C681DD7218 /* DiscoveryProtocol.swift */; };
		A059DA6E238842D6BFC77BD9 /* FrameValidator.swift in Sources */ = {isa = PBXBuildFile; fileRef = 41566E8513AF40188A02CE7B /* FrameValidator.swift */; };
		73B9DDB6860A4475BCA8BD4B /* MockScooterProtocol.swift in Sources */ = {isa = PBXBuildFile; fileRef = C21E7422260E4C71BD37EE44 /* MockScooterProtocol.swift */; };
		1DD917C9CB784FC580017EE7 /* G2Protocol.swift in Sources */ = {isa = PBXBuildFile; fileRef = 11865833843043F390F0F856 /* G2Protocol.swift */; };
		8EB2395E07CC43069EBB9D90 /* G3Protocol.swift in Sources */ = {isa = PBXBuildFile; fileRef = 5AD9AAF1B5824932975E57F6 /* G3Protocol.swift */; };
		988F77E386F8463C86287417 /* G4Protocol.swift in Sources */ = {isa = PBXBuildFile; fileRef = 0F90B78028BC413D974CCE44 /* G4Protocol.swift */; };
		9BEF3D29512D437B8F193ABB /* ProtocolRegistry.swift in Sources */ = {isa = PBXBuildFile; fileRef = 1A34EDEACCE8432EBCB4683C /* ProtocolRegistry.swift */; };
		17EB93A0351B4A0FAF0DA968 /* ScooterProtocol.swift in Sources */ = {isa = PBXBuildFile; fileRef = 8B4934F0E8B94F75BD85CB5E /* ScooterProtocol.swift */; };
		2F806136BF8D44A7B59331E1 /* NotificationService.swift in Sources */ = {isa = PBXBuildFile; fileRef = 001CC66D30B940C79217165F /* NotificationService.swift */; };
		1D4236CBBC8C4925B82F4F4C /* ReconnectService.swift in Sources */ = {isa = PBXBuildFile; fileRef = 82E6413F26CE45D088861DB9 /* ReconnectService.swift */; };
		378A6113E0F841CB8732ECBD /* ScooterSession.swift in Sources */ = {isa = PBXBuildFile; fileRef = 06399E366A1747A6AEC15D63 /* ScooterSession.swift */; };
		766A29442F5B4F09AA320DFD /* TelemetryPublisher.swift in Sources */ = {isa = PBXBuildFile; fileRef = DD0B3053ACD74A699C5FDC41 /* TelemetryPublisher.swift */; };
		0DD9AADEC2624C8486525B45 /* KTransitions.swift in Sources */ = {isa = PBXBuildFile; fileRef = CF12CECE67EB47D18C0318A5 /* KTransitions.swift */; };
		CCFC48F15AAF4214A39CD7D6 /* KComponents.swift in Sources */ = {isa = PBXBuildFile; fileRef = A771C021F25A4C5183DB9FA4 /* KComponents.swift */; };
		0988AEE1505E4D1C90E29E96 /* KGauges.swift in Sources */ = {isa = PBXBuildFile; fileRef = B641A3FA40F04BC5AF9B3E1E /* KGauges.swift */; };
		EAF4F1DA2454466DA85FBC1D /* KTheme.swift in Sources */ = {isa = PBXBuildFile; fileRef = 19358F5E21934E2B957E161F /* KTheme.swift */; };
		B106C7C9CB634E7DA63308F4 /* ControlsView.swift in Sources */ = {isa = PBXBuildFile; fileRef = 01168F85EBA2414DA0406603 /* ControlsView.swift */; };
		379FE18F0D4A4D5F861773BD /* DashboardView.swift in Sources */ = {isa = PBXBuildFile; fileRef = 618C45570F324FA995CABA03 /* DashboardView.swift */; };
		FF9D385899C14C4F9037C467 /* DiagnosticsView.swift in Sources */ = {isa = PBXBuildFile; fileRef = FC3EF6ACACA94243B78C56A9 /* DiagnosticsView.swift */; };
		49B57630B0F441E28846FC36 /* FirmwareView.swift in Sources */ = {isa = PBXBuildFile; fileRef = 78BA4C77C5354128A505E2C2 /* FirmwareView.swift */; };
		455B86B4643749A0BDB44567 /* HomeView.swift in Sources */ = {isa = PBXBuildFile; fileRef = 1E82BE35E6BE44379406F7DA /* HomeView.swift */; };
		BC5720F8204947948816FF29 /* MainTabView.swift in Sources */ = {isa = PBXBuildFile; fileRef = C1F6B0EC72B64190827E5BB6 /* MainTabView.swift */; };
		38AFC074BD56431D98661BAE /* LiveDataView.swift in Sources */ = {isa = PBXBuildFile; fileRef = CDEA14521B24448A8C297437 /* LiveDataView.swift */; };
		B79E1B6C0DC344E7B7D925DD /* SettingsView.swift in Sources */ = {isa = PBXBuildFile; fileRef = 3519666093304AEBA5583310 /* SettingsView.swift */; };
		8E4DEEB8539641B988568DA3 /* SpeedConfigView.swift in Sources */ = {isa = PBXBuildFile; fileRef = 8B11909032E942D3BF0593B1 /* SpeedConfigView.swift */; };
		34D8617C12464C6EBA9590F5 /* Assets.xcassets in Resources */ = {isa = PBXBuildFile; fileRef = 60B03AFD7CCE460A9DB443FE /* Assets.xcassets */; };
		DC13A8D27CE2468894F69A60 /* PrivacyInfo.xcprivacy in Resources */ = {isa = PBXBuildFile; fileRef = E74EEA8D0C2042A499CB89E6 /* PrivacyInfo.xcprivacy */; };
/* End PBXBuildFile section */

/* Begin PBXFileReference section */
		71ACCD16155E4D2884A39D40 /* KukirinManager.app */ = {isa = PBXFileReference; explicitFileType = wrapper.application; includeInIndex = 0; path = KukirinManager.app; sourceTree = BUILT_PRODUCTS_DIR; };
		5706C193880A43D9B208E38C /* AppDependencies.swift */ = {isa = PBXFileReference; lastKnownFileType = sourcecode.swift; path = AppDependencies.swift; sourceTree = "<group>"; };
		1722CB18FF5647ED8A5ED772 /* KukirinManagerApp.swift */ = {isa = PBXFileReference; lastKnownFileType = sourcecode.swift; path = KukirinManagerApp.swift; sourceTree = "<group>"; };
		FD923CB129EF47569444FD17 /* BLECentralManager.swift */ = {isa = PBXFileReference; lastKnownFileType = sourcecode.swift; path = BLECentralManager.swift; sourceTree = "<group>"; };
		8643882A93C24002801F6811 /* BLEConstants.swift */ = {isa = PBXFileReference; lastKnownFileType = sourcecode.swift; path = BLEConstants.swift; sourceTree = "<group>"; };
		971989DCC7C74219BF501EDE /* BLEPeripheralSession.swift */ = {isa = PBXFileReference; lastKnownFileType = sourcecode.swift; path = BLEPeripheralSession.swift; sourceTree = "<group>"; };
		04E2D0321D5E4737AE8A547D /* ConnectionCoordinator.swift */ = {isa = PBXFileReference; lastKnownFileType = sourcecode.swift; path = ConnectionCoordinator.swift; sourceTree = "<group>"; };
		582213200CCB4CA5BA4BE3A8 /* PacketLogger.swift */ = {isa = PBXFileReference; lastKnownFileType = sourcecode.swift; path = PacketLogger.swift; sourceTree = "<group>"; };
		D78FD34BF29443CA98CAA86E /* RSSIMonitor.swift */ = {isa = PBXFileReference; lastKnownFileType = sourcecode.swift; path = RSSIMonitor.swift; sourceTree = "<group>"; };
		5D58ECE628D641C89D63C509 /* ConnectionState.swift */ = {isa = PBXFileReference; lastKnownFileType = sourcecode.swift; path = ConnectionState.swift; sourceTree = "<group>"; };
		249BD501F5A747FDA01F481B /* RideMode.swift */ = {isa = PBXFileReference; lastKnownFileType = sourcecode.swift; path = RideMode.swift; sourceTree = "<group>"; };
		BA7113F4F64444FF808DCC5A /* ScooterCapabilities.swift */ = {isa = PBXFileReference; lastKnownFileType = sourcecode.swift; path = ScooterCapabilities.swift; sourceTree = "<group>"; };
		AF8454B344B54F1DB495617C /* ScooterCommand.swift */ = {isa = PBXFileReference; lastKnownFileType = sourcecode.swift; path = ScooterCommand.swift; sourceTree = "<group>"; };
		8637A69847FA425D95220343 /* ScooterModel.swift */ = {isa = PBXFileReference; lastKnownFileType = sourcecode.swift; path = ScooterModel.swift; sourceTree = "<group>"; };
		E51A2F4DA36C48A484D3626A /* TelemetrySnapshot.swift */ = {isa = PBXFileReference; lastKnownFileType = sourcecode.swift; path = TelemetrySnapshot.swift; sourceTree = "<group>"; };
		D2D41D0DCAAE46129099364E /* KeychainHelper.swift */ = {isa = PBXFileReference; lastKnownFileType = sourcecode.swift; path = KeychainHelper.swift; sourceTree = "<group>"; };
		9B6756DD06C440B0ADC6247B /* LastDeviceStore.swift */ = {isa = PBXFileReference; lastKnownFileType = sourcecode.swift; path = LastDeviceStore.swift; sourceTree = "<group>"; };
		7717F353237546679443E745 /* PreferencesStore.swift */ = {isa = PBXFileReference; lastKnownFileType = sourcecode.swift; path = PreferencesStore.swift; sourceTree = "<group>"; };
		A2A8EB926A3344C681DD7218 /* DiscoveryProtocol.swift */ = {isa = PBXFileReference; lastKnownFileType = sourcecode.swift; path = DiscoveryProtocol.swift; sourceTree = "<group>"; };
		41566E8513AF40188A02CE7B /* FrameValidator.swift */ = {isa = PBXFileReference; lastKnownFileType = sourcecode.swift; path = FrameValidator.swift; sourceTree = "<group>"; };
		C21E7422260E4C71BD37EE44 /* MockScooterProtocol.swift */ = {isa = PBXFileReference; lastKnownFileType = sourcecode.swift; path = MockScooterProtocol.swift; sourceTree = "<group>"; };
		11865833843043F390F0F856 /* G2Protocol.swift */ = {isa = PBXFileReference; lastKnownFileType = sourcecode.swift; path = G2Protocol.swift; sourceTree = "<group>"; };
		5AD9AAF1B5824932975E57F6 /* G3Protocol.swift */ = {isa = PBXFileReference; lastKnownFileType = sourcecode.swift; path = G3Protocol.swift; sourceTree = "<group>"; };
		0F90B78028BC413D974CCE44 /* G4Protocol.swift */ = {isa = PBXFileReference; lastKnownFileType = sourcecode.swift; path = G4Protocol.swift; sourceTree = "<group>"; };
		1A34EDEACCE8432EBCB4683C /* ProtocolRegistry.swift */ = {isa = PBXFileReference; lastKnownFileType = sourcecode.swift; path = ProtocolRegistry.swift; sourceTree = "<group>"; };
		8B4934F0E8B94F75BD85CB5E /* ScooterProtocol.swift */ = {isa = PBXFileReference; lastKnownFileType = sourcecode.swift; path = ScooterProtocol.swift; sourceTree = "<group>"; };
		001CC66D30B940C79217165F /* NotificationService.swift */ = {isa = PBXFileReference; lastKnownFileType = sourcecode.swift; path = NotificationService.swift; sourceTree = "<group>"; };
		82E6413F26CE45D088861DB9 /* ReconnectService.swift */ = {isa = PBXFileReference; lastKnownFileType = sourcecode.swift; path = ReconnectService.swift; sourceTree = "<group>"; };
		06399E366A1747A6AEC15D63 /* ScooterSession.swift */ = {isa = PBXFileReference; lastKnownFileType = sourcecode.swift; path = ScooterSession.swift; sourceTree = "<group>"; };
		DD0B3053ACD74A699C5FDC41 /* TelemetryPublisher.swift */ = {isa = PBXFileReference; lastKnownFileType = sourcecode.swift; path = TelemetryPublisher.swift; sourceTree = "<group>"; };
		CF12CECE67EB47D18C0318A5 /* KTransitions.swift */ = {isa = PBXFileReference; lastKnownFileType = sourcecode.swift; path = KTransitions.swift; sourceTree = "<group>"; };
		A771C021F25A4C5183DB9FA4 /* KComponents.swift */ = {isa = PBXFileReference; lastKnownFileType = sourcecode.swift; path = KComponents.swift; sourceTree = "<group>"; };
		B641A3FA40F04BC5AF9B3E1E /* KGauges.swift */ = {isa = PBXFileReference; lastKnownFileType = sourcecode.swift; path = KGauges.swift; sourceTree = "<group>"; };
		19358F5E21934E2B957E161F /* KTheme.swift */ = {isa = PBXFileReference; lastKnownFileType = sourcecode.swift; path = KTheme.swift; sourceTree = "<group>"; };
		01168F85EBA2414DA0406603 /* ControlsView.swift */ = {isa = PBXFileReference; lastKnownFileType = sourcecode.swift; path = ControlsView.swift; sourceTree = "<group>"; };
		618C45570F324FA995CABA03 /* DashboardView.swift */ = {isa = PBXFileReference; lastKnownFileType = sourcecode.swift; path = DashboardView.swift; sourceTree = "<group>"; };
		FC3EF6ACACA94243B78C56A9 /* DiagnosticsView.swift */ = {isa = PBXFileReference; lastKnownFileType = sourcecode.swift; path = DiagnosticsView.swift; sourceTree = "<group>"; };
		78BA4C77C5354128A505E2C2 /* FirmwareView.swift */ = {isa = PBXFileReference; lastKnownFileType = sourcecode.swift; path = FirmwareView.swift; sourceTree = "<group>"; };
		1E82BE35E6BE44379406F7DA /* HomeView.swift */ = {isa = PBXFileReference; lastKnownFileType = sourcecode.swift; path = HomeView.swift; sourceTree = "<group>"; };
		C1F6B0EC72B64190827E5BB6 /* MainTabView.swift */ = {isa = PBXFileReference; lastKnownFileType = sourcecode.swift; path = MainTabView.swift; sourceTree = "<group>"; };
		CDEA14521B24448A8C297437 /* LiveDataView.swift */ = {isa = PBXFileReference; lastKnownFileType = sourcecode.swift; path = LiveDataView.swift; sourceTree = "<group>"; };
		3519666093304AEBA5583310 /* SettingsView.swift */ = {isa = PBXFileReference; lastKnownFileType = sourcecode.swift; path = SettingsView.swift; sourceTree = "<group>"; };
		8B11909032E942D3BF0593B1 /* SpeedConfigView.swift */ = {isa = PBXFileReference; lastKnownFileType = sourcecode.swift; path = SpeedConfigView.swift; sourceTree = "<group>"; };
		04B3935964714294BE339C6E /* Info.plist */ = {isa = PBXFileReference; lastKnownFileType = text.plist.xml; path = Info.plist; sourceTree = "<group>"; };
		60B03AFD7CCE460A9DB443FE /* Assets.xcassets */ = {isa = PBXFileReference; lastKnownFileType = folder.assetcatalog; path = Assets.xcassets; sourceTree = "<group>"; };
		E74EEA8D0C2042A499CB89E6 /* PrivacyInfo.xcprivacy */ = {isa = PBXFileReference; lastKnownFileType = text.xml; path = PrivacyInfo.xcprivacy; sourceTree = "<group>"; };
/* End PBXFileReference section */

/* Begin PBXFrameworksBuildPhase section */
		5272C2F776D247DEA7A233CE /* Frameworks */ = {
			isa = PBXFrameworksBuildPhase;
			buildActionMask = 2147483647;
			files = (
			);
			runOnlyForDeploymentPostprocessing = 0;
		};
/* End PBXFrameworksBuildPhase section */

/* Begin PBXGroup section */
		D686F9A1359A428CB7BFAFDE = {
			isa = PBXGroup;
			children = (
				46C37AA4581A4816A6372587 /* KukirinManager */,
				95331AFF16FF48418A5394FC /* Products */,
			);
			sourceTree = "<group>";
		};
		95331AFF16FF48418A5394FC /* Products */ = {
			isa = PBXGroup;
			children = (
				71ACCD16155E4D2884A39D40 /* KukirinManager.app */,
			);
			name = Products;
			sourceTree = "<group>";
		};
		46C37AA4581A4816A6372587 /* KukirinManager */ = {
			isa = PBXGroup;
			children = (
				11941539FAEB4DCFBECE49E7,
				94A149231D3C4C1FA7A6CA29,
				CBACD333B68B43D1BF23D0EE,
				B9BE98A8901C44A49562ED09,
				C1A7B822983F467AA66E41D5,
			);
			path = KukirinManager;
			sourceTree = "<group>";
		};
		11941539FAEB4DCFBECE49E7 /* App */ = {
			isa = PBXGroup;
			children = (
				5706C193880A43D9B208E38C,
				1722CB18FF5647ED8A5ED772,
			);
			path = App;
			sourceTree = "<group>";
		};
		709CDBFE9E224F488B47CF19 /* Bluetooth */ = {
			isa = PBXGroup;
			children = (
				FD923CB129EF47569444FD17,
				8643882A93C24002801F6811,
				971989DCC7C74219BF501EDE,
				04E2D0321D5E4737AE8A547D,
				582213200CCB4CA5BA4BE3A8,
				D78FD34BF29443CA98CAA86E,
			);
			path = Bluetooth;
			sourceTree = "<group>";
		};
		94A149231D3C4C1FA7A6CA29 /* Core */ = {
			isa = PBXGroup;
			children = (
				709CDBFE9E224F488B47CF19,
				F3DEA97D735049DD82F724BB,
				B946E9EF090E47598BE306B8,
				CA4F39535F92421A90E1D3BD,
				FE04FB6D82904A07B7AD4C91,
			);
			path = Core;
			sourceTree = "<group>";
		};
		F3DEA97D735049DD82F724BB /* Models */ = {
			isa = PBXGroup;
			children = (
				5D58ECE628D641C89D63C509,
				249BD501F5A747FDA01F481B,
				BA7113F4F64444FF808DCC5A,
				AF8454B344B54F1DB495617C,
				8637A69847FA425D95220343,
				E51A2F4DA36C48A484D3626A,
			);
			path = Models;
			sourceTree = "<group>";
		};
		B946E9EF090E47598BE306B8 /* Persistence */ = {
			isa = PBXGroup;
			children = (
				D2D41D0DCAAE46129099364E,
				9B6756DD06C440B0ADC6247B,
				7717F353237546679443E745,
			);
			path = Persistence;
			sourceTree = "<group>";
		};
		CA4F39535F92421A90E1D3BD /* Protocol */ = {
			isa = PBXGroup;
			children = (
				A2A8EB926A3344C681DD7218,
				41566E8513AF40188A02CE7B,
				C21E7422260E4C71BD37EE44,
				FE4F40618EFC49B683F23C8D,
				1A34EDEACCE8432EBCB4683C,
				8B4934F0E8B94F75BD85CB5E,
			);
			path = Protocol;
			sourceTree = "<group>";
		};
		FE4F40618EFC49B683F23C8D /* Models */ = {
			isa = PBXGroup;
			children = (
				11865833843043F390F0F856,
				5AD9AAF1B5824932975E57F6,
				0F90B78028BC413D974CCE44,
			);
			path = Models;
			sourceTree = "<group>";
		};
		FE04FB6D82904A07B7AD4C91 /* Services */ = {
			isa = PBXGroup;
			children = (
				001CC66D30B940C79217165F,
				82E6413F26CE45D088861DB9,
				06399E366A1747A6AEC15D63,
				DD0B3053ACD74A699C5FDC41,
			);
			path = Services;
			sourceTree = "<group>";
		};
		9DF7ACCBE187494BACBE7533 /* Animations */ = {
			isa = PBXGroup;
			children = (
				CF12CECE67EB47D18C0318A5,
			);
			path = Animations;
			sourceTree = "<group>";
		};
		CBACD333B68B43D1BF23D0EE /* DesignSystem */ = {
			isa = PBXGroup;
			children = (
				9DF7ACCBE187494BACBE7533,
				91EBB58472934E969B34CF11,
				BE37BC2716E24B5AA05998AF,
			);
			path = DesignSystem;
			sourceTree = "<group>";
		};
		91EBB58472934E969B34CF11 /* Components */ = {
			isa = PBXGroup;
			children = (
				A771C021F25A4C5183DB9FA4,
				B641A3FA40F04BC5AF9B3E1E,
			);
			path = Components;
			sourceTree = "<group>";
		};
		BE37BC2716E24B5AA05998AF /* Theme */ = {
			isa = PBXGroup;
			children = (
				19358F5E21934E2B957E161F,
			);
			path = Theme;
			sourceTree = "<group>";
		};
		6E83EAD922C24488A904EFDD /* Controls */ = {
			isa = PBXGroup;
			children = (
				01168F85EBA2414DA0406603,
			);
			path = Controls;
			sourceTree = "<group>";
		};
		B9BE98A8901C44A49562ED09 /* Features */ = {
			isa = PBXGroup;
			children = (
				6E83EAD922C24488A904EFDD,
				9D12C54303984EF3AF212393,
				F285669D768545238D8E58F8,
				9E1793E665BB4447AC80F0CD,
				8F6CD7113DBF4FE3B4C126CC,
				386981586CC74BFD8AEAEE8D,
				462427B17379408C8B178D2D,
				B951E749439F43C39355EA76,
			);
			path = Features;
			sourceTree = "<group>";
		};
		9D12C54303984EF3AF212393 /* Dashboard */ = {
			isa = PBXGroup;
			children = (
				618C45570F324FA995CABA03,
			);
			path = Dashboard;
			sourceTree = "<group>";
		};
		F285669D768545238D8E58F8 /* Diagnostics */ = {
			isa = PBXGroup;
			children = (
				FC3EF6ACACA94243B78C56A9,
			);
			path = Diagnostics;
			sourceTree = "<group>";
		};
		9E1793E665BB4447AC80F0CD /* Firmware */ = {
			isa = PBXGroup;
			children = (
				78BA4C77C5354128A505E2C2,
			);
			path = Firmware;
			sourceTree = "<group>";
		};
		8F6CD7113DBF4FE3B4C126CC /* Home */ = {
			isa = PBXGroup;
			children = (
				1E82BE35E6BE44379406F7DA,
				C1F6B0EC72B64190827E5BB6,
			);
			path = Home;
			sourceTree = "<group>";
		};
		386981586CC74BFD8AEAEE8D /* LiveData */ = {
			isa = PBXGroup;
			children = (
				CDEA14521B24448A8C297437,
			);
			path = LiveData;
			sourceTree = "<group>";
		};
		462427B17379408C8B178D2D /* Settings */ = {
			isa = PBXGroup;
			children = (
				3519666093304AEBA5583310,
			);
			path = Settings;
			sourceTree = "<group>";
		};
		B951E749439F43C39355EA76 /* SpeedConfig */ = {
			isa = PBXGroup;
			children = (
				8B11909032E942D3BF0593B1,
			);
			path = SpeedConfig;
			sourceTree = "<group>";
		};
		C1A7B822983F467AA66E41D5 /* Resources */ = {
			isa = PBXGroup;
			children = (
				04B3935964714294BE339C6E /* Info.plist */,
				60B03AFD7CCE460A9DB443FE /* Assets.xcassets */,
				E74EEA8D0C2042A499CB89E6 /* PrivacyInfo.xcprivacy */,
			);
			path = Resources;
			sourceTree = "<group>";
		};
/* End PBXGroup section */

/* Begin PBXNativeTarget section */
		3F0572BB2F3240C18596426E /* KukirinManager */ = {
			isa = PBXNativeTarget;
			buildConfigurationList = CC3BEE43152747199DAEB459;
			buildPhases = (
				5D54135E2A2A4EAE8A698307 /* Sources */,
				5272C2F776D247DEA7A233CE /* Frameworks */,
				A8420D8E7FE04015AE74E656 /* Resources */,
			);
			buildRules = ();
			dependencies = ();
			name = KukirinManager;
			productName = KukirinManager;
			productReference = 71ACCD16155E4D2884A39D40;
			productType = "com.apple.product-type.application";
		};
/* End PBXNativeTarget section */

/* Begin PBXProject section */
		1ACE60B58C9848F69C7FABEE /* Project object */ = {
			isa = PBXProject;
			attributes = {
				BuildIndependentTargetsInParallel = 1;
				LastSwiftUpdateCheck = 1500;
				LastUpgradeCheck = 1500;
			};
			buildConfigurationList = C43B409E19C74954A908AA61;
			compatibilityVersion = "Xcode 14.0";
			developmentRegion = en;
			hasScannedForEncodings = 0;
			knownRegions = (en, Base);
			mainGroup = D686F9A1359A428CB7BFAFDE;
			productRefGroup = 95331AFF16FF48418A5394FC;
			projectDirPath = "";
			projectRoot = "";
			targets = (3F0572BB2F3240C18596426E);
		};
/* End PBXProject section */

/* Begin PBXResourcesBuildPhase section */
		A8420D8E7FE04015AE74E656 /* Resources */ = {
			isa = PBXResourcesBuildPhase;
			buildActionMask = 2147483647;
			files = (
				34D8617C12464C6EBA9590F5,
				DC13A8D27CE2468894F69A60,
			);
			runOnlyForDeploymentPostprocessing = 0;
		};
/* End PBXResourcesBuildPhase section */

/* Begin PBXSourcesBuildPhase section */
		5D54135E2A2A4EAE8A698307 /* Sources */ = {
			isa = PBXSourcesBuildPhase;
			buildActionMask = 2147483647;
			files = (
				801EC3F0FA814E719C95F87A,
				5398538A7EAB4605AA377923,
				6C270B7147A847C587949571,
				4C96A55A932C4DAE9181B60E,
				B9979FF317D44A5CB0E36BAC,
				88AB6A81B1B04FBCB364DFB4,
				8522CEF669FA43219D372095,
				D289B0D2E3C6415C8391544A,
				0496B021D8894331AD617C96,
				61EEB34441F640F696A308F1,
				EBEA5929A7294F14BFD1C272,
				67A20747E8FD475E8467E16A,
				204CF0EE5BDB4838811CCBE3,
				4A9914BB6B1149E6B37BA76D,
				2C7867420BD94C1E983ECF9E,
				41777875CA4A4FA98B457FAC,
				E439FF18F5DE46228AFF683B,
				9AE346090D224BABB9CA09B3,
				A059DA6E238842D6BFC77BD9,
				73B9DDB6860A4475BCA8BD4B,
				1DD917C9CB784FC580017EE7,
				8EB2395E07CC43069EBB9D90,
				988F77E386F8463C86287417,
				9BEF3D29512D437B8F193ABB,
				17EB93A0351B4A0FAF0DA968,
				2F806136BF8D44A7B59331E1,
				1D4236CBBC8C4925B82F4F4C,
				378A6113E0F841CB8732ECBD,
				766A29442F5B4F09AA320DFD,
				0DD9AADEC2624C8486525B45,
				CCFC48F15AAF4214A39CD7D6,
				0988AEE1505E4D1C90E29E96,
				EAF4F1DA2454466DA85FBC1D,
				B106C7C9CB634E7DA63308F4,
				379FE18F0D4A4D5F861773BD,
				FF9D385899C14C4F9037C467,
				49B57630B0F441E28846FC36,
				455B86B4643749A0BDB44567,
				BC5720F8204947948816FF29,
				38AFC074BD56431D98661BAE,
				B79E1B6C0DC344E7B7D925DD,
				8E4DEEB8539641B988568DA3,
			);
			runOnlyForDeploymentPostprocessing = 0;
		};
/* End PBXSourcesBuildPhase section */

/* Begin XCBuildConfiguration section */
		93FA7EAFE028464EBD228CB6 /* Debug */ = {
			isa = XCBuildConfiguration;
			buildSettings = {
				ALWAYS_SEARCH_USER_PATHS = NO;
				CLANG_ENABLE_MODULES = YES;
				IPHONEOS_DEPLOYMENT_TARGET = 17.0;
				SDKROOT = iphoneos;
				GCC_OPTIMIZATION_LEVEL = 0;
				SWIFT_OPTIMIZATION_LEVEL = "-Onone";
			};
			name = Debug;
		};
		AE7127A768794EACA35AE4DE /* Release */ = {
			isa = XCBuildConfiguration;
			buildSettings = {
				ALWAYS_SEARCH_USER_PATHS = NO;
				CLANG_ENABLE_MODULES = YES;
				IPHONEOS_DEPLOYMENT_TARGET = 17.0;
				SDKROOT = iphoneos;
				SWIFT_COMPILATION_MODE = wholemodule;
				VALIDATE_PRODUCT = YES;
			};
			name = Release;
		};
		23750B48EB254843A23D0DE9 /* Debug */ = {
			isa = XCBuildConfiguration;
			buildSettings = {
				ASSETCATALOG_COMPILER_APPICON_NAME = AppIcon;
				ASSETCATALOG_COMPILER_GLOBAL_ACCENT_COLOR_NAME = AccentColor;
				CODE_SIGN_STYLE = Automatic;
				CURRENT_PROJECT_VERSION = 1;
				DEVELOPMENT_TEAM = "";
				ENABLE_PREVIEWS = YES;
				GENERATE_INFOPLIST_FILE = NO;
				INFOPLIST_FILE = KukirinManager/Resources/Info.plist;
				LD_RUNPATH_SEARCH_PATHS = ("$(inherited)", "@executable_path/Frameworks");
				MARKETING_VERSION = 1.0.0;
				PRODUCT_BUNDLE_IDENTIFIER = com.kukirin.manager;
				PRODUCT_NAME = "$(TARGET_NAME)";
				SWIFT_EMIT_LOC_STRINGS = YES;
				SWIFT_VERSION = 5.0;
				TARGETED_DEVICE_FAMILY = "1,2";
				SWIFT_ACTIVE_COMPILATION_CONDITIONS = DEBUG;
			};
			name = Debug;
		};
		7CCE05D7288C4E52A0363017 /* Release */ = {
			isa = XCBuildConfiguration;
			buildSettings = {
				ASSETCATALOG_COMPILER_APPICON_NAME = AppIcon;
				ASSETCATALOG_COMPILER_GLOBAL_ACCENT_COLOR_NAME = AccentColor;
				CODE_SIGN_STYLE = Automatic;
				CURRENT_PROJECT_VERSION = 1;
				DEVELOPMENT_TEAM = "";
				ENABLE_PREVIEWS = YES;
				GENERATE_INFOPLIST_FILE = NO;
				INFOPLIST_FILE = KukirinManager/Resources/Info.plist;
				LD_RUNPATH_SEARCH_PATHS = ("$(inherited)", "@executable_path/Frameworks");
				MARKETING_VERSION = 1.0.0;
				PRODUCT_BUNDLE_IDENTIFIER = com.kukirin.manager;
				PRODUCT_NAME = "$(TARGET_NAME)";
				SWIFT_EMIT_LOC_STRINGS = YES;
				SWIFT_VERSION = 5.0;
				TARGETED_DEVICE_FAMILY = "1,2";
			};
			name = Release;
		};
/* End XCBuildConfiguration section */

/* Begin XCConfigurationList section */
		C43B409E19C74954A908AA61 = {
			isa = XCConfigurationList;
			buildConfigurations = (93FA7EAFE028464EBD228CB6, AE7127A768794EACA35AE4DE);
			defaultConfigurationIsVisible = 0;
			defaultConfigurationName = Release;
		};
		CC3BEE43152747199DAEB459 = {
			isa = XCConfigurationList;
			buildConfigurations = (23750B48EB254843A23D0DE9, 7CCE05D7288C4E52A0363017);
			defaultConfigurationIsVisible = 0;
			defaultConfigurationName = Release;
		};
/* End XCConfigurationList section */
	};
	rootObject = 1ACE60B58C9848F69C7FABEE;
}
